
Microsoft Visual Studio Solution File, Format Version 12.00
# Visual Studio Version 17
VisualStudioVersion = 17.6.33829.357
MinimumVisualStudioVersion = 10.0.40219.1
Project("{9A19103F-16F7-4668-BE54-9A1E7A4F7556}") = "Day1_Part1", "Day1_Part1.csproj", "{279B72B7-7D6A-479E-ABDD-2F8D855FB9D7}"
EndProject
Project("{9A19103F-16F7-4668-BE54-9A1E7A4F7556}") = "Day1_Part2", "..\Day1_Part2\Day1_Part2.csproj", "{BC3A942A-CC4B-45A8-9D21-C03D714A915B}"
EndProject
Project("{9A19103F-16F7-4668-BE54-9A1E7A4F7556}") = "Day2_Part1", "..\Day2_Part1\Day2_Part1.csproj", "{B81BC97D-A0F8-48B1-B60B-0E5E1FE657F1}"
EndProject
Project("{9A19103F-16F7-4668-BE54-9A1E7A4F7556}") = "Day2_Part2", "..\Day2_Part2\Day2_Part2.csproj", "{AD9D6EB5-85C1-4347-A0DD-8DDD9A7BFE65}"
EndProject
Project("{9A19103F-16F7-4668-BE54-9A1E7A4F7556}") = "Day3_Part1", "..\Day3_Part1\Day3_Part1.csproj", "{CD82DACF-9808-4614-83E6-DEFE74E9DAB6}"
EndProject
Project("{9A19103F-16F7-4668-BE54-9A1E7A4F7556}") = "Day3_Part2", "..\Day3_Part2\Day3_Part2.csproj", "{E76FC6D9-86D6-4053-8FAE-53194EF03AC5}"
EndProject
Project("{9A19103F-16F7-4668-BE54-9A1E7A4F7556}") = "Day4_Part1", "..\Day4_Part1\Day4_Part1.csproj", "{258E9E18-5E29-4E99-85EE-00860ACD1220}"
EndProject
Project("{9A19103F-16F7-4668-BE54-9A1E7A4F7556}") = "Day4_Part2", "..\Day4_Part2\Day4_Part2.csproj", "{DA8A3508-F10D-4FA8-93E0-53E5BB8DFC66}"
EndProject
Project("{9A19103F-16F7-4668-BE54-9A1E7A4F7556}") = "Day5_Part1", "..\Day5_Part1\Day5_Part1.csproj", "{EE3AA2C6-3BD6-4E7A-AC52-665FF88DDFD1}"
EndProject
Project("{9A19103F-16F7-4668-BE54-9A1E7A4F7556}") = "Day5_Part2", "..\Day5_Part2\Day5_Part2.csproj", "{5FC6A7E1-2A86-459C-A4D4-A1E050FA89E9}"
EndProject
Project("{9A19103F-16F7-4668-BE54-9A1E7A4F7556}") = "Day6_Part1", "..\Day6_Part1\Day6_Part1.csproj", "{C661EDF4-5842-4E15-8B2C-775963BDA821}"
EndProject
Project("{9A19103F-16F7-4668-BE54-9A1E7A4F7556}") = "Day6_Part2", "..\Day6_Part2\Day6_Part2.csproj", "{108CE421-1B2D-432B-ACB2-DA166053F8CE}"
EndProject
Project("{9A19103F-16F7-4668-BE54-9A1E7A4F7556}") = "Day7_Part1", "..\Day7_Part1\Day7_Part1.csproj", "{DB1AD52F-7289-4536-9986-4B832C799245}"
EndProject
Project("{9A19103F-16F7-4668-BE54-9A1E7A4F7556}") = "Day8_Part1", "..\Day8_Part1\Day8_Part1.csproj", "{4F9B5326-AF94-4020-AEB7-1CBF53E3233E}"
EndProject
Project("{9A19103F-16F7-4668-BE54-9A1E7A4F7556}") = "Day8_Part2", "..\Day8_Part2\Day8_Part2.csproj", "{BA1B0CD5-D4D5-47CC-ACE3-8791BA1AD974}"
EndProject
Project("{9A19103F-16F7-4668-BE54-9A1E7A4F7556}") = "Day9_Part1", "..\Day9_Part1\Day9_Part1.csproj", "{C67C9B77-FD00-4DB5-B3C0-3854031A5FDE}"
EndProject
Project("{9A19103F-16F7-4668-BE54-9A1E7A4F7556}") = "Day9_Part2", "..\Day9_Part2\Day9_Part2.csproj", "{66F660CF-1B34-4CCB-933D-C3B0FC7E1512}"
EndProject
Project("{9A19103F-16F7-4668-BE54-9A1E7A4F7556}") = "Day10_Part1", "..\Day10_Part1\Day10_Part1.csproj", "{37DAC3FD-D667-42F9-B87E-EA4E91175705}"
EndProject
Project("{9A19103F-16F7-4668-BE54-9A1E7A4F7556}") = "Day10_Part2", "..\Day10_Part2\Day10_Part2.csproj", "{84FF7E27-5392-48F8-8103-B564686537DE}"
EndProject
Project("{9A19103F-16F7-4668-BE54-9A1E7A4F7556}") = "Day11_Part1", "..\Day11_Part1\Day11_Part1.csproj", "{CD8E7CCC-5AFB-4C7E-9BD4-C48C8F581F26}"
EndProject
Project("{9A19103F-16F7-4668-BE54-9A1E7A4F7556}") = "Day11_Part2", "..\Day11_Part2\Day11_Part2.csproj", "{D1F6AC55-44F6-48B9-B92E-60941C68C374}"
EndProject
Project("{9A19103F-16F7-4668-BE54-9A1E7A4F7556}") = "Day7_Part2", "..\Day7_Part2\Day7_Part2.csproj", "{110AADAC-464D-47B5-866B-AD621EE53D1F}"
EndProject
Project("{9A19103F-16F7-4668-BE54-9A1E7A4F7556}") = "TESTS", "..\TESTERS\TESTS.csproj", "{F1299967-BCC1-4588-96C7-CA59FEEDC0DF}"
EndProject
Global
	GlobalSection(SolutionConfigurationPlatforms) = preSolution
		Debug|Any CPU = Debug|Any CPU
		Release|Any CPU = Release|Any CPU
	EndGlobalSection
	GlobalSection(ProjectConfigurationPlatforms) = postSolution
		{279B72B7-7D6A-479E-ABDD-2F8D855FB9D7}.Debug|Any CPU.ActiveCfg = Debug|Any CPU
		{279B72B7-7D6A-479E-ABDD-2F8D855FB9D7}.Debug|Any CPU.Build.0 = Debug|Any CPU
		{279B72B7-7D6A-479E-ABDD-2F8D855FB9D7}.Release|Any CPU.ActiveCfg = Release|Any CPU
		{279B72B7-7D6A-479E-ABDD-2F8D855FB9D7}.Release|Any CPU.Build.0 = Release|Any CPU
		{BC3A942A-CC4B-45A8-9D21-C03D714A915B}.Debug|Any CPU.ActiveCfg = Debug|Any CPU
		{BC3A942A-CC4B-45A8-9D21-C03D714A915B}.Debug|Any CPU.Build.0 = Debug|Any CPU
		{BC3A942A-CC4B-45A8-9D21-C03D714A915B}.Release|Any CPU.ActiveCfg = Release|Any CPU
		{BC3A942A-CC4B-45A8-9D21-C03D714A915B}.Release|Any CPU.Build.0 = Release|Any CPU
		{B81BC97D-A0F8-48B1-B60B-0E5E1FE657F1}.Debug|Any CPU.ActiveCfg = Debug|Any CPU
		{B81BC97D-A0F8-48B1-B60B-0E5E1FE657F1}.Debug|Any CPU.Build.0 = Debug|Any CPU
		{B81BC97D-A0F8-48B1-B60B-0E5E1FE657F1}.Release|Any CPU.ActiveCfg = Release|Any CPU
		{B81BC97D-A0F8-48B1-B60B-0E5E1FE657F1}.Release|Any CPU.Build.0 = Release|Any CPU
		{AD9D6EB5-85C1-4347-A0DD-8DDD9A7BFE65}.Debug|Any CPU.ActiveCfg = Debug|Any CPU
		{AD9D6EB5-85C1-4347-A0DD-8DDD9A7BFE65}.Debug|Any CPU.Build.0 = Debug|Any CPU
		{AD9D6EB5-85C1-4347-A0DD-8DDD9A7BFE65}.Release|Any CPU.ActiveCfg = Release|Any CPU
		{AD9D6EB5-85C1-4347-A0DD-8DDD9A7BFE65}.Release|Any CPU.Build.0 = Release|Any CPU
		{CD82DACF-9808-4614-83E6-DEFE74E9DAB6}.Debug|Any CPU.ActiveCfg = Debug|Any CPU
		{CD82DACF-9808-4614-83E6-DEFE74E9DAB6}.Debug|Any CPU.Build.0 = Debug|Any CPU
		{CD82DACF-9808-4614-83E6-DEFE74E9DAB6}.Release|Any CPU.ActiveCfg = Release|Any CPU
		{CD82DACF-9808-4614-83E6-DEFE74E9DAB6}.Release|Any CPU.Build.0 = Release|Any CPU
		{E76FC6D9-86D6-4053-8FAE-53194EF03AC5}.Debug|Any CPU.ActiveCfg = Debug|Any CPU
		{E76FC6D9-86D6-4053-8FAE-53194EF03AC5}.Debug|Any CPU.Build.0 = Debug|Any CPU
		{E76FC6D9-86D6-4053-8FAE-53194EF03AC5}.Release|Any CPU.ActiveCfg = Release|Any CPU
		{E76FC6D9-86D6-4053-8FAE-53194EF03AC5}.Release|Any CPU.Build.0 = Release|Any CPU
		{258E9E18-5E29-4E99-85EE-00860ACD1220}.Debug|Any CPU.ActiveCfg = Debug|Any CPU
		{258E9E18-5E29-4E99-85EE-00860ACD1220}.Debug|Any CPU.Build.0 = Debug|Any CPU
		{258E9E18-5E29-4E99-85EE-00860ACD1220}.Release|Any CPU.ActiveCfg = Release|Any CPU
		{258E9E18-5E29-4E99-85EE-00860ACD1220}.Release|Any CPU.Build.0 = Release|Any CPU
		{DA8A3508-F10D-4FA8-93E0-53E5BB8DFC66}.Debug|Any CPU.ActiveCfg = Debug|Any CPU
		{DA8A3508-F10D-4FA8-93E0-53E5BB8DFC66}.Debug|Any CPU.Build.0 = Debug|Any CPU
		{DA8A3508-F10D-4FA8-93E0-53E5BB8DFC66}.Release|Any CPU.ActiveCfg = Release|Any CPU
		{DA8A3508-F10D-4FA8-93E0-53E5BB8DFC66}.Release|Any CPU.Build.0 = Release|Any CPU
		{EE3AA2C6-3BD6-4E7A-AC52-665FF88DDFD1}.Debug|Any CPU.ActiveCfg = Debug|Any CPU
		{EE3AA2C6-3BD6-4E7A-AC52-665FF88DDFD1}.Debug|Any CPU.Build.0 = Debug|Any CPU
		{EE3AA2C6-3BD6-4E7A-AC52-665FF88DDFD1}.Release|Any CPU.ActiveCfg = Release|Any CPU
		{EE3AA2C6-3BD6-4E7A-AC52-665FF88DDFD1}.Release|Any CPU.Build.0 = Release|Any CPU
		{5FC6A7E1-2A86-459C-A4D4-A1E050FA89E9}.Debug|Any CPU.ActiveCfg = Debug|Any CPU
		{5FC6A7E1-2A86-459C-A4D4-A1E050FA89E9}.Debug|Any CPU.Build.0 = Debug|Any CPU
		{5FC6A7E1-2A86-459C-A4D4-A1E050FA89E9}.Release|Any CPU.ActiveCfg = Release|Any CPU
		{5FC6A7E1-2A86-459C-A4D4-A1E050FA89E9}.Release|Any CPU.Build.0 = Release|Any CPU
		{C661EDF4-5842-4E15-8B2C-775963BDA821}.Debug|Any CPU.ActiveCfg = Debug|Any CPU
		{C661EDF4-5842-4E15-8B2C-775963BDA821}.Debug|Any CPU.Build.0 = Debug|Any CPU
		{C661EDF4-5842-4E15-8B2C-775963BDA821}.Release|Any CPU.ActiveCfg = Release|Any CPU
		{C661EDF4-5842-4E15-8B2C-775963BDA821}.Release|Any CPU.Build.0 = Release|Any CPU
		{108CE421-1B2D-432B-ACB2-DA166053F8CE}.Debug|Any CPU.ActiveCfg = Debug|Any CPU
		{108CE421-1B2D-432B-ACB2-DA166053F8CE}.Debug|Any CPU.Build.0 = Debug|Any CPU
		{108CE421-1B2D-432B-ACB2-DA166053F8CE}.Release|Any CPU.ActiveCfg = Release|Any CPU
		{108CE421-1B2D-432B-ACB2-DA166053F8CE}.Release|Any CPU.Build.0 = Release|Any CPU
		{DB1AD52F-7289-4536-9986-4B832C799245}.Debug|Any CPU.ActiveCfg = Debug|Any CPU
		{DB1AD52F-7289-4536-9986-4B832C799245}.Debug|Any CPU.Build.0 = Debug|Any CPU
		{DB1AD52F-7289-4536-9986-4B832C799245}.Release|Any CPU.ActiveCfg = Release|Any CPU
		{DB1AD52F-7289-4536-9986-4B832C799245}.Release|Any CPU.Build.0 = Release|Any CPU
		{4F9B5326-AF94-4020-AEB7-1CBF53E3233E}.Debug|Any CPU.ActiveCfg = Debug|Any CPU
		{4F9B5326-AF94-4020-AEB7-1CBF53E3233E}.Debug|Any CPU.Build.0 = Debug|Any CPU
		{4F9B5326-AF94-4020-AEB7-1CBF53E3233E}.Release|Any CPU.ActiveCfg = Release|Any CPU
		{4F9B5326-AF94-4020-AEB7-1CBF53E3233E}.Release|Any CPU.Build.0 = Release|Any CPU
		{BA1B0CD5-D4D5-47CC-ACE3-8791BA1AD974}.Debug|Any CPU.ActiveCfg = Debug|Any CPU
		{BA1B0CD5-D4D5-47CC-ACE3-8791BA1AD974}.Debug|Any CPU.Build.0 = Debug|Any CPU
		{BA1B0CD5-D4D5-47CC-ACE3-8791BA1AD974}.Release|Any CPU.ActiveCfg = Release|Any CPU
		{BA1B0CD5-D4D5-47CC-ACE3-8791BA1AD974}.Release|Any CPU.Build.0 = Release|Any CPU
		{C67C9B77-FD00-4DB5-B3C0-3854031A5FDE}.Debug|Any CPU.ActiveCfg = Debug|Any CPU
		{C67C9B77-FD00-4DB5-B3C0-3854031A5FDE}.Debug|Any CPU.Build.0 = Debug|Any CPU
		{C67C9B77-FD00-4DB5-B3C0-3854031A5FDE}.Release|Any CPU.ActiveCfg = Release|Any CPU
		{C67C9B77-FD00-4DB5-B3C0-3854031A5FDE}.Release|Any CPU.Build.0 = Release|Any CPU
		{66F660CF-1B34-4CCB-933D-C3B0FC7E1512}.Debug|Any CPU.ActiveCfg = Debug|Any CPU
		{66F660CF-1B34-4CCB-933D-C3B0FC7E1512}.Debug|Any CPU.Build.0 = Debug|Any CPU
		{66F660CF-1B34-4CCB-933D-C3B0FC7E1512}.Release|Any CPU.ActiveCfg = Release|Any CPU
		{66F660CF-1B34-4CCB-933D-C3B0FC7E1512}.Release|Any CPU.Build.0 = Release|Any CPU
		{37DAC3FD-D667-42F9-B87E-EA4E91175705}.Debug|Any CPU.ActiveCfg = Debug|Any CPU
		{37DAC3FD-D667-42F9-B87E-EA4E91175705}.Debug|Any CPU.Build.0 = Debug|Any CPU
		{37DAC3FD-D667-42F9-B87E-EA4E91175705}.Release|Any CPU.ActiveCfg = Release|Any CPU
		{37DAC3FD-D667-42F9-B87E-EA4E91175705}.Release|Any CPU.Build.0 = Release|Any CPU
		{84FF7E27-5392-48F8-8103-B564686537DE}.Debug|Any CPU.ActiveCfg = Debug|Any CPU
		{84FF7E27-5392-48F8-8103-B564686537DE}.Debug|Any CPU.Build.0 = Debug|Any CPU
		{84FF7E27-5392-48F8-8103-B564686537DE}.Release|Any CPU.ActiveCfg = Release|Any CPU
		{84FF7E27-5392-48F8-8103-B564686537DE}.Release|Any CPU.Build.0 = Release|Any CPU
		{CD8E7CCC-5AFB-4C7E-9BD4-C48C8F581F26}.Debug|Any CPU.ActiveCfg = Debug|Any CPU
		{CD8E7CCC-5AFB-4C7E-9BD4-C48C8F581F26}.Debug|Any CPU.Build.0 = Debug|Any CPU
		{CD8E7CCC-5AFB-4C7E-9BD4-C48C8F581F26}.Release|Any CPU.ActiveCfg = Release|Any CPU
		{CD8E7CCC-5AFB-4C7E-9BD4-C48C8F581F26}.Release|Any CPU.Build.0 = Release|Any CPU
		{D1F6AC55-44F6-48B9-B92E-60941C68C374}.Debug|Any CPU.ActiveCfg = Debug|Any CPU
		{D1F6AC55-44F6-48B9-B92E-60941C68C374}.Debug|Any CPU.Build.0 = Debug|Any CPU
		{D1F6AC55-44F6-48B9-B92E-60941C68C374}.Release|Any CPU.ActiveCfg = Release|Any CPU
		{D1F6AC55-44F6-48B9-B92E-60941C68C374}.Release|Any CPU.Build.0 = Release|Any CPU
		{110AADAC-464D-47B5-866B-AD621EE53D1F}.Debug|Any CPU.ActiveCfg = Debug|Any CPU
		{110AADAC-464D-47B5-866B-AD621EE53D1F}.Debug|Any CPU.Build.0 = Debug|Any CPU
		{110AADAC-464D-47B5-866B-AD621EE53D1F}.Release|Any CPU.ActiveCfg = Release|Any CPU
		{110AADAC-464D-47B5-866B-AD621EE53D1F}.Release|Any CPU.Build.0 = Release|Any CPU
		{F1299967-BCC1-4588-96C7-CA59FEEDC0DF}.Debug|Any CPU.ActiveCfg = Debug|Any CPU
		{F1299967-BCC1-4588-96C7-CA59FEEDC0DF}.Debug|Any CPU.Build.0 = Debug|Any CPU
		{F1299967-BCC1-4588-96C7-CA59FEEDC0DF}.Release|Any CPU.ActiveCfg = Release|Any CPU
		{F1299967-BCC1-4588-96C7-CA59FEEDC0DF}.Release|Any CPU.Build.0 = Release|Any CPU
	EndGlobalSection
	GlobalSection(SolutionProperties) = preSolution
		HideSolutionNode = FALSE
	EndGlobalSection
	GlobalSection(ExtensibilityGlobals) = postSolution
		SolutionGuid = {A06C222C-5EB6-4B84-8061-5C4074ECDB7A}
	EndGlobalSection
EndGlobal
